
Microsoft Visual Studio Solution File, Format Version 12.00
# Visual Studio Version 17
VisualStudioVersion = 17.9.34622.214
MinimumVisualStudioVersion = 10.0.40219.1
Project("{FAE04EC0-301F-11D3-BF4B-00C04F79EFBC}") = "MiniGame", "MiniGame.csproj", "{46C046B5-50F0-406E-93E3-FCF7D153AAAA}"
EndProject
Global
	GlobalSection(SolutionConfigurationPlatforms) = preSolution
		Debug|Any CPU = Debug|Any CPU
		Release|Any CPU = Release|Any CPU
	EndGlobalSection
	GlobalSection(ProjectConfigurationPlatforms) = postSolution
		{46C046B5-50F0-406E-93E3-FCF7D153AAAA}.Debug|Any CPU.ActiveCfg = Debug|Any CPU
		{46C046B5-50F0-406E-93E3-FCF7D153AAAA}.Debug|Any CPU.Build.0 = Debug|Any CPU
		{46C046B5-50F0-406E-93E3-FCF7D153AAAA}.Release|Any CPU.ActiveCfg = Release|Any CPU
		{46C046B5-50F0-406E-93E3-FCF7D153AAAA}.Release|Any CPU.Build.0 = Release|Any CPU
	EndGlobalSection
	GlobalSection(SolutionProperties) = preSolution
		HideSolutionNode = FALSE
	EndGlobalSection
	GlobalSection(ExtensibilityGlobals) = postSolution
		SolutionGuid = {C6A79C41-F318-4ABF-95EB-2C3C4B60C226}
	EndGlobalSection
EndGlobal
